
Microsoft Visual Studio Solution File, Format Version 10.00
# Visual Studio 2008
Project("{6989167D-11E4-40FE-8C1A-2192A86A7E90}") = "cut3dxye_df", ".\cut3dxye_df.vfproj", "{04189E06-7035-4D5D-B2A5-6879B9BE333A}"
EndProject
Global
	GlobalSection(SolutionConfigurationPlatforms) = preSolution
		Debug|Win32 = Debug|Win32
		Release|Win32 = Release|Win32
	EndGlobalSection
	GlobalSection(ProjectConfigurationPlatforms) = postSolution
		{04189E06-7035-4D5D-B2A5-6879B9BE333A}.Debug|Win32.ActiveCfg = Debug|Win32
		{04189E06-7035-4D5D-B2A5-6879B9BE333A}.Debug|Win32.Build.0 = Debug|Win32
		{04189E06-7035-4D5D-B2A5-6879B9BE333A}.Release|Win32.ActiveCfg = Release|Win32
		{04189E06-7035-4D5D-B2A5-6879B9BE333A}.Release|Win32.Build.0 = Release|Win32
	EndGlobalSection
	GlobalSection(SolutionProperties) = preSolution
		HideSolutionNode = FALSE
	EndGlobalSection
EndGlobal
