
Microsoft Visual Studio Solution File, Format Version 10.00
# Visual Studio 2008
Project("{8BC9CEB8-8B4A-11D0-8D11-00A0C91BC942}") = "ffind", "ffind.vcproj", "{D21604AD-D2CA-45DC-8909-F16FC459781F}"
EndProject
Global
	GlobalSection(SolutionConfigurationPlatforms) = preSolution
		Debug|Win32 = Debug|Win32
		Release|Win32 = Release|Win32
	EndGlobalSection
	GlobalSection(ProjectConfigurationPlatforms) = postSolution
		{D21604AD-D2CA-45DC-8909-F16FC459781F}.Debug|Win32.ActiveCfg = Debug|Win32
		{D21604AD-D2CA-45DC-8909-F16FC459781F}.Debug|Win32.Build.0 = Debug|Win32
		{D21604AD-D2CA-45DC-8909-F16FC459781F}.Release|Win32.ActiveCfg = Release|Win32
		{D21604AD-D2CA-45DC-8909-F16FC459781F}.Release|Win32.Build.0 = Release|Win32
	EndGlobalSection
	GlobalSection(SolutionProperties) = preSolution
		HideSolutionNode = FALSE
	EndGlobalSection
EndGlobal
